
Microsoft Visual Studio Solution File, Format Version 12.00
# Visual Studio Version 16
VisualStudioVersion = 25.0.1700.0
MinimumVisualStudioVersion = 10.0.40219.1
Project("{FAE04EC0-301F-11D3-BF4B-00C04F79EFBC}") = "Queries", "Queries\Queries.csproj", "{3B344AE4-4CA3-4990-86A5-A390C476FF21}"
EndProject
Project("{FAE04EC0-301F-11D3-BF4B-00C04F79EFBC}") = "TestQueries", "TestQueries\TestQueries.csproj", "{3E4D0F87-A658-45DE-8EB5-B587C784C68F}"
EndProject
Global
	GlobalSection(SolutionConfigurationPlatforms) = preSolution
		Debug|Any CPU = Debug|Any CPU
		Release|Any CPU = Release|Any CPU
	EndGlobalSection
	GlobalSection(ProjectConfigurationPlatforms) = postSolution
		{3B344AE4-4CA3-4990-86A5-A390C476FF21}.Debug|Any CPU.ActiveCfg = Debug|Any CPU
		{3B344AE4-4CA3-4990-86A5-A390C476FF21}.Debug|Any CPU.Build.0 = Debug|Any CPU
		{3B344AE4-4CA3-4990-86A5-A390C476FF21}.Release|Any CPU.ActiveCfg = Release|Any CPU
		{3B344AE4-4CA3-4990-86A5-A390C476FF21}.Release|Any CPU.Build.0 = Release|Any CPU
		{3E4D0F87-A658-45DE-8EB5-B587C784C68F}.Debug|Any CPU.ActiveCfg = Debug|Any CPU
		{3E4D0F87-A658-45DE-8EB5-B587C784C68F}.Debug|Any CPU.Build.0 = Debug|Any CPU
		{3E4D0F87-A658-45DE-8EB5-B587C784C68F}.Release|Any CPU.ActiveCfg = Release|Any CPU
		{3E4D0F87-A658-45DE-8EB5-B587C784C68F}.Release|Any CPU.Build.0 = Release|Any CPU
	EndGlobalSection
	GlobalSection(SolutionProperties) = preSolution
		HideSolutionNode = FALSE
	EndGlobalSection
	GlobalSection(ExtensibilityGlobals) = postSolution
		SolutionGuid = {E45A6A4B-7195-4AB8-A0E8-7FD350555718}
	EndGlobalSection
EndGlobal
